Microsoft Visual Studio Solution File, Format Version 12.00
# Visual Studio Version 17
VisualStudioVersion = 17.4.33403.182
MinimumVisualStudioVersion = 10.0.40219.1
Project("{8BC9CEB8-8B4A-11D0-8D11-00A0C91BC942}") = "BansheeEngine", "BansheeEngine\BansheeEngine.vcxproj", "{B809594C-796D-40F9-BB8F-C9FBB23C7673}"
EndProject
Project("{8BC9CEB8-8B4A-11D0-8D11-00A0C91BC942}") = "Sandbox", "Sandbox\Sandbox.vcxproj", "{EFD50C38-F292-4D58-A3EF-7E0F198404E3}"
EndProject
Project("{8BC9CEB8-8B4A-11D0-8D11-00A0C91BC942}") = "glfw", "BansheeEngine\Dependencies\glfw-3.3.8\generated\src\glfw.vcxproj", "{92658B93-6F4C-3D54-A0C2-62531B46E10C}"
EndProject
Global
	GlobalSection(SolutionConfigurationPlatforms) = preSolution
		Debug|x64 = Debug|x64
		MinSizeRel|x64 = MinSizeRel|x64
		Release|x64 = Release|x64
		RelWithDebInfo|x64 = RelWithDebInfo|x64
	EndGlobalSection
	GlobalSection(ProjectConfigurationPlatforms) = postSolution
		{B809594C-796D-40F9-BB8F-C9FBB23C7673}.Debug|x64.ActiveCfg = Debug|x64
		{B809594C-796D-40F9-BB8F-C9FBB23C7673}.Debug|x64.Build.0 = Debug|x64
		{B809594C-796D-40F9-BB8F-C9FBB23C7673}.MinSizeRel|x64.ActiveCfg = Release|x64
		{B809594C-796D-40F9-BB8F-C9FBB23C7673}.MinSizeRel|x64.Build.0 = Release|x64
		{B809594C-796D-40F9-BB8F-C9FBB23C7673}.Release|x64.ActiveCfg = Release|x64
		{B809594C-796D-40F9-BB8F-C9FBB23C7673}.Release|x64.Build.0 = Release|x64
		{B809594C-796D-40F9-BB8F-C9FBB23C7673}.RelWithDebInfo|x64.ActiveCfg = Release|x64
		{B809594C-796D-40F9-BB8F-C9FBB23C7673}.RelWithDebInfo|x64.Build.0 = Release|x64
		{EFD50C38-F292-4D58-A3EF-7E0F198404E3}.Debug|x64.ActiveCfg = Debug|x64
		{EFD50C38-F292-4D58-A3EF-7E0F198404E3}.Debug|x64.Build.0 = Debug|x64
		{EFD50C38-F292-4D58-A3EF-7E0F198404E3}.MinSizeRel|x64.ActiveCfg = Debug|x64
		{EFD50C38-F292-4D58-A3EF-7E0F198404E3}.MinSizeRel|x64.Build.0 = Debug|x64
		{EFD50C38-F292-4D58-A3EF-7E0F198404E3}.Release|x64.ActiveCfg = Release|x64
		{EFD50C38-F292-4D58-A3EF-7E0F198404E3}.Release|x64.Build.0 = Release|x64
		{EFD50C38-F292-4D58-A3EF-7E0F198404E3}.RelWithDebInfo|x64.ActiveCfg = Release|x64
		{EFD50C38-F292-4D58-A3EF-7E0F198404E3}.RelWithDebInfo|x64.Build.0 = Release|x64
		{92658B93-6F4C-3D54-A0C2-62531B46E10C}.Debug|x64.ActiveCfg = Debug|x64
		{92658B93-6F4C-3D54-A0C2-62531B46E10C}.Debug|x64.Build.0 = Debug|x64
		{92658B93-6F4C-3D54-A0C2-62531B46E10C}.MinSizeRel|x64.ActiveCfg = MinSizeRel|x64
		{92658B93-6F4C-3D54-A0C2-62531B46E10C}.MinSizeRel|x64.Build.0 = MinSizeRel|x64
		{92658B93-6F4C-3D54-A0C2-62531B46E10C}.Release|x64.ActiveCfg = Release|x64
		{92658B93-6F4C-3D54-A0C2-62531B46E10C}.Release|x64.Build.0 = Release|x64
		{92658B93-6F4C-3D54-A0C2-62531B46E10C}.RelWithDebInfo|x64.ActiveCfg = RelWithDebInfo|x64
		{92658B93-6F4C-3D54-A0C2-62531B46E10C}.RelWithDebInfo|x64.Build.0 = RelWithDebInfo|x64
	EndGlobalSection
	GlobalSection(SolutionProperties) = preSolution
		HideSolutionNode = FALSE
	EndGlobalSection
	GlobalSection(ExtensibilityGlobals) = postSolution
		SolutionGuid = {6B13D761-87BF-4362-94DB-04D05C75EDFE}
		StartupProject = Sandbox
	EndGlobalSection
EndGlobal