<?xml version="1.0" encoding="utf-8"?>
<Project ToolsVersion="17.0" xmlns="http://schemas.microsoft.com/developer/msbuild/2003">
  <ItemGroup>
    <CustomBuild Include="C:\Projects\BansheeEngine\BansheeEngine\dependencies\glfw-3.3.8\ProjectFiles\CMakeFiles\3e9c7235a8b7ef154243020c20e9ba8b\generate.stamp.rule">
      <Filter>CMake Rules</Filter>
    </CustomBuild>
  </ItemGroup>
  <ItemGroup>
    <Filter Include="CMake Rules">
      <UniqueIdentifier>{4AF89D4F-8C50-36B8-838E-072152AE7D42}</UniqueIdentifier>
    </Filter>
  </ItemGroup>
</Project>
